
Microsoft Visual Studio Solution File, Format Version 12.00
# Visual Studio 14
VisualStudioVersion = 14.0.25123.0
MinimumVisualStudioVersion = 10.0.40219.1
Project("{FAE04EC0-301F-11D3-BF4B-00C04F79EFBC}") = "StockInformer", "StockInformer\StockInformer.csproj", "{0008DF6C-E7A9-4BDB-A3ED-000D54C3E01F}"
EndProject
Project("{FAE04EC0-301F-11D3-BF4B-00C04F79EFBC}") = "StockCodesGenerator", "StockCodesGenerator\StockCodesGenerator.csproj", "{34BE2AEB-E492-413A-B8D2-6A57C8CEC58B}"
EndProject
Global
	GlobalSection(SolutionConfigurationPlatforms) = preSolution
		Debug|Any CPU = Debug|Any CPU
		Release|Any CPU = Release|Any CPU
	EndGlobalSection
	GlobalSection(ProjectConfigurationPlatforms) = postSolution
		{0008DF6C-E7A9-4BDB-A3ED-000D54C3E01F}.Debug|Any CPU.ActiveCfg = Debug|Any CPU
		{0008DF6C-E7A9-4BDB-A3ED-000D54C3E01F}.Debug|Any CPU.Build.0 = Debug|Any CPU
		{0008DF6C-E7A9-4BDB-A3ED-000D54C3E01F}.Release|Any CPU.ActiveCfg = Release|Any CPU
		{0008DF6C-E7A9-4BDB-A3ED-000D54C3E01F}.Release|Any CPU.Build.0 = Release|Any CPU
		{34BE2AEB-E492-413A-B8D2-6A57C8CEC58B}.Debug|Any CPU.ActiveCfg = Debug|Any CPU
		{34BE2AEB-E492-413A-B8D2-6A57C8CEC58B}.Debug|Any CPU.Build.0 = Debug|Any CPU
		{34BE2AEB-E492-413A-B8D2-6A57C8CEC58B}.Release|Any CPU.ActiveCfg = Release|Any CPU
		{34BE2AEB-E492-413A-B8D2-6A57C8CEC58B}.Release|Any CPU.Build.0 = Release|Any CPU
	EndGlobalSection
	GlobalSection(SolutionProperties) = preSolution
		HideSolutionNode = FALSE
	EndGlobalSection
EndGlobal
